// !$*UTF8*$!
{
	archiveVersion = 1;
	classes = {
	};
	objectVersion = 50;
	objects = {

/* Begin PBXBuildFile section */
		C829186B243E0CF900EA8292 /* AppDelegate.swift in Sources */ = {isa = PBXBuildFile; fileRef = C829186A243E0CF900EA8292 /* AppDelegate.swift */; };
		C829186D243E0CF900EA8292 /* SceneDelegate.swift in Sources */ = {isa = PBXBuildFile; fileRef = C829186C243E0CF900EA8292 /* SceneDelegate.swift */; };
		C829186F243E0CF900EA8292 /* ViewController.swift in Sources */ = {isa = PBXBuildFile; fileRef = C829186E243E0CF900EA8292 /* ViewController.swift */; };
		C8291872243E0CF900EA8292 /* Main.storyboard in Resources */ = {isa = PBXBuildFile; fileRef = C8291870243E0CF900EA8292 /* Main.storyboard */; };
		C8291874243E0CFB00EA8292 /* Assets.xcassets in Resources */ = {isa = PBXBuildFile; fileRef = C8291873243E0CFB00EA8292 /* Assets.xcassets */; };
		C8291877243E0CFB00EA8292 /* LaunchScreen.storyboard in Resources */ = {isa = PBXBuildFile; fileRef = C8291875243E0CFB00EA8292 /* LaunchScreen.storyboard */; };
/* End PBXBuildFile section */

/* Begin PBXFileReference section */
		C8291867243E0CF900EA8292 /* Movie Core Data MVP.app */ = {isa = PBXFileReference; explicitFileType = wrapper.application; includeInIndex = 0; path = "Movie Core Data MVP.app"; sourceTree = BUILT_PRODUCTS_DIR; };
		C829186A243E0CF900EA8292 /* AppDelegate.swift */ = {isa = PBXFileReference; lastKnownFileType = sourcecode.swift; path = AppDelegate.swift; sourceTree = "<group>"; };
		C829186C243E0CF900EA8292 /* SceneDelegate.swift */ = {isa = PBXFileReference; lastKnownFileType = sourcecode.swift; path = SceneDelegate.swift; sourceTree = "<group>"; };
		C829186E243E0CF900EA8292 /* ViewController.swift */ = {isa = PBXFileReference; lastKnownFileType = sourcecode.swift; path = ViewController.swift; sourceTree = "<group>"; };
		C8291871243E0CF900EA8292 /* Base */ = {isa = PBXFileReference; lastKnownFileType = file.storyboard; name = Base; path = Base.lproj/Main.storyboard; sourceTree = "<group>"; };
		C8291873243E0CFB00EA8292 /* Assets.xcassets */ = {isa = PBXFileReference; lastKnownFileType = folder.assetcatalog; path = Assets.xcassets; sourceTree = "<group>"; };
		C8291876243E0CFB00EA8292 /* Base */ = {isa = PBXFileReference; lastKnownFileType = file.storyboard; name = Base; path = Base.lproj/LaunchScreen.storyboard; sourceTree = "<group>"; };
		C8291878243E0CFB00EA8292 /* Info.plist */ = {isa = PBXFileReference; lastKnownFileType = text.plist.xml; path = Info.plist; sourceTree = "<group>"; };
/* End PBXFileReference section */

/* Begin PBXFrameworksBuildPhase section */
		C8291864243E0CF900EA8292 /* Frameworks */ = {
			isa = PBXFrameworksBuildPhase;
			buildActionMask = 2147483647;
			files = (
			);
			runOnlyForDeploymentPostprocessing = 0;
		};
/* End PBXFrameworksBuildPhase section */

/* Begin PBXGroup section */
		C829185E243E0CF900EA8292 = {
			isa = PBXGroup;
			children = (
				C8291869243E0CF900EA8292 /* Movie Core Data MVP */,
				C8291868243E0CF900EA8292 /* Products */,
			);
			sourceTree = "<group>";
		};
		C8291868243E0CF900EA8292 /* Products */ = {
			isa = PBXGroup;
			children = (
				C8291867243E0CF900EA8292 /* Movie Core Data MVP.app */,
			);
			name = Products;
			sourceTree = "<group>";
		};
		C8291869243E0CF900EA8292 /* Movie Core Data MVP */ = {
			isa = PBXGroup;
			children = (
				C829186A243E0CF900EA8292 /* AppDelegate.swift */,
				C829186C243E0CF900EA8292 /* SceneDelegate.swift */,
				C829186E243E0CF900EA8292 /* ViewController.swift */,
				C8291870243E0CF900EA8292 /* Main.storyboard */,
				C8291873243E0CFB00EA8292 /* Assets.xcassets */,
				C8291875243E0CFB00EA8292 /* LaunchScreen.storyboard */,
				C8291878243E0CFB00EA8292 /* Info.plist */,
			);
			path = "Movie Core Data MVP";
			sourceTree = "<group>";
		};
/* End PBXGroup section */

/* Begin PBXNativeTarget section */
		C8291866243E0CF900EA8292 /* Movie Core Data MVP */ = {
			isa = PBXNativeTarget;
			buildConfigurationList = C829187B243E0CFB00EA8292 /* Build configuration list for PBXNativeTarget "Movie Core Data MVP" */;
			buildPhases = (
				C8291863243E0CF900EA8292 /* Sources */,
				C8291864243E0CF900EA8292 /* Frameworks */,
				C8291865243E0CF900EA8292 /* Resources */,
			);
			buildRules = (
			);
			dependencies = (
			);
			name = "Movie Core Data MVP";
			productName = "Movie Core Data MVP";
			productReference = C8291867243E0CF900EA8292 /* Movie Core Data MVP.app */;
			productType = "com.apple.product-type.application";
		};
/* End PBXNativeTarget section */

/* Begin PBXProject section */
		C829185F243E0CF900EA8292 /* Project object */ = {
			isa = PBXProject;
			attributes = {
				LastSwiftUpdateCheck = 1130;
				LastUpgradeCheck = 1130;
				ORGANIZATIONNAME = ahmedpro;
				TargetAttributes = {
					C8291866243E0CF900EA8292 = {
						CreatedOnToolsVersion = 11.3;
					};
				};
			};
			buildConfigurationList = C8291862243E0CF900EA8292 /* Build configuration list for PBXProject "Movie Core Data MVP" */;
			compatibilityVersion = "Xcode 9.3";
			developmentRegion = en;
			hasScannedForEncodings = 0;
			knownRegions = (
				en,
				Base,
			);
			mainGroup = C829185E243E0CF900EA8292;
			productRefGroup = C8291868243E0CF900EA8292 /* Products */;
			projectDirPath = "";
			projectRoot = "";
			targets = (
				C8291866243E0CF900EA8292 /* Movie Core Data MVP */,
			);
		};
/* End PBXProject section */

/* Begin PBXResourcesBuildPhase section */
		C8291865243E0CF900EA8292 /* Resources */ = {
			isa = PBXResourcesBuildPhase;
			buildActionMask = 2147483647;
			files = (
				C8291877243E0CFB00EA8292 /* LaunchScreen.storyboard in Resources */,
				C8291874243E0CFB00EA8292 /* Assets.xcassets in Resources */,
				C8291872243E0CF900EA8292 /* Main.storyboard in Resources */,
			);
			runOnlyForDeploymentPostprocessing = 0;
		};
/* End PBXResourcesBuildPhase section */

/* Begin PBXSourcesBuildPhase section */
		C8291863243E0CF900EA8292 /* Sources */ = {
			isa = PBXSourcesBuildPhase;
			buildActionMask = 2147483647;
			files = (
				C829186F243E0CF900EA8292 /* ViewController.swift in Sources */,
				C829186B243E0CF900EA8292 /* AppDelegate.swift in Sources */,
				C829186D243E0CF900EA8292 /* SceneDelegate.swift in Sources */,
			);
			runOnlyForDeploymentPostprocessing = 0;
		};
/* End PBXSourcesBuildPhase section */

/* Begin PBXVariantGroup section */
		C8291870243E0CF900EA8292 /* Main.storyboard */ = {
			isa = PBXVariantGroup;
			children = (
				C8291871243E0CF900EA8292 /* Base */,
			);
			name = Main.storyboard;
			sourceTree = "<group>";
		};
		C8291875243E0CFB00EA8292 /* LaunchScreen.storyboard */ = {
			isa = PBXVariantGroup;
			children = (
				C8291876243E0CFB00EA8292 /* Base */,
			);
			name = LaunchScreen.storyboard;
			sourceTree = "<group>";
		};
/* End PBXVariantGroup section */

/* Begin XCBuildConfiguration section */
		C8291879243E0CFB00EA8292 /* Debug */ = {
			isa = XCBuildConfiguration;
			buildSettings = {
				ALWAYS_SEARCH_USER_PATHS = NO;
				CLANG_ANALYZER_NONNULL = YES;
				CLANG_ANALYZER_NUMBER_OBJECT_CONVERSION = YES_AGGRESSIVE;
				CLANG_CXX_LANGUAGE_STANDARD = "gnu++14";
				CLANG_CXX_LIBRARY = "libc++";
				CLANG_ENABLE_MODULES = YES;
				CLANG_ENABLE_OBJC_ARC = YES;
				CLANG_ENABLE_OBJC_WEAK = YES;
				CLANG_WARN_BLOCK_CAPTURE_AUTORELEASING = YES;
				CLANG_WARN_BOOL_CONVERSION = YES;
				CLANG_WARN_COMMA = YES;
				CLANG_WARN_CONSTANT_CONVERSION = YES;
				CLANG_WARN_DEPRECATED_OBJC_IMPLEMENTATIONS = YES;
				CLANG_WARN_DIRECT_OBJC_ISA_USAGE = YES_ERROR;
				CLANG_WARN_DOCUMENTATION_COMMENTS = YES;
				CLANG_WARN_EMPTY_BODY = YES;
				CLANG_WARN_ENUM_CONVERSION = YES;
				CLANG_WARN_INFINITE_RECURSION = YES;
				CLANG_WARN_INT_CONVERSION = YES;
				CLANG_WARN_NON_LITERAL_NULL_CONVERSION = YES;
				CLANG_WARN_OBJC_IMPLICIT_RETAIN_SELF = YES;
				CLANG_WARN_OBJC_LITERAL_CONVERSION = YES;
				CLANG_WARN_OBJC_ROOT_CLASS = YES_ERROR;
				CLANG_WARN_RANGE_LOOP_ANALYSIS = YES;
				CLANG_WARN_STRICT_PROTOTYPES = YES;
				CLANG_WARN_SUSPICIOUS_MOVE = YES;
				CLANG_WARN_UNGUARDED_AVAILABILITY = YES_AGGRESSIVE;
				CLANG_WARN_UNREACHABLE_CODE = YES;
				CLANG_WARN__DUPLICATE_METHOD_MATCH = YES;
				COPY_PHASE_STRIP = NO;
				DEBUG_INFORMATION_FORMAT = dwarf;
				ENABLE_STRICT_OBJC_MSGSEND = YES;
				ENABLE_TESTABILITY = YES;
				GCC_C_LANGUAGE_STANDARD = gnu11;
				GCC_DYNAMIC_NO_PIC = NO;
				GCC_NO_COMMON_BLOCKS = YES;
				GCC_OPTIMIZATION_LEVEL = 0;
				GCC_PREPROCESSOR_DEFINITIONS = (
					"DEBUG=1",
					"$(inherited)",
				);
				GCC_WARN_64_TO_32_BIT_CONVERSION = YES;
				GCC_WARN_ABOUT_RETURN_TYPE = YES_ERROR;
				GCC_WARN_UNDECLARED_SELECTOR = YES;
				GCC_WARN_UNINITIALIZED_AUTOS = YES_AGGRESSIVE;
				GCC_WARN_UNUSED_FUNCTION = YES;
				GCC_WARN_UNUSED_VARIABLE = YES;
				IPHONEOS_DEPLOYMENT_TARGET = 13.2;
				MTL_ENABLE_DEBUG_INFO = INCLUDE_SOURCE;
				MTL_FAST_MATH = YES;
				ONLY_ACTIVE_ARCH = YES;
				SDKROOT = iphoneos;
				SWIFT_ACTIVE_COMPILATION_CONDITIONS = DEBUG;
				SWIFT_OPTIMIZATION_LEVEL = "-Onone";
			};
			name = Debug;
		};
		C829187A243E0CFB00EA8292 /* Release */ = {
			isa = XCBuildConfiguration;
			buildSettings = {
				ALWAYS_SEARCH_USER_PATHS = NO;
				CLANG_ANALYZER_NONNULL = YES;
				CLANG_ANALYZER_NUMBER_OBJECT_CONVERSION = YES_AGGRESSIVE;
				CLANG_CXX_LANGUAGE_STANDARD = "gnu++14";
				CLANG_CXX_LIBRARY = "libc++";
				CLANG_ENABLE_MODULES = YES;
				CLANG_ENABLE_OBJC_ARC = YES;
				CLANG_ENABLE_OBJC_WEAK = YES;
				CLANG_WARN_BLOCK_CAPTURE_AUTORELEASING = YES;
				CLANG_WARN_BOOL_CONVERSION = YES;
				CLANG_WARN_COMMA = YES;
				CLANG_WARN_CONSTANT_CONVERSION = YES;
				CLANG_WARN_DEPRECATED_OBJC_IMPLEMENTATIONS = YES;
				CLANG_WARN_DIRECT_OBJC_ISA_USAGE = YES_ERROR;
				CLANG_WARN_DOCUMENTATION_COMMENTS = YES;
				CLANG_WARN_EMPTY_BODY = YES;
				CLANG_WARN_ENUM_CONVERSION = YES;
				CLANG_WARN_INFINITE_RECURSION = YES;
				CLANG_WARN_INT_CONVERSION = YES;
				CLANG_WARN_NON_LITERAL_NULL_CONVERSION = YES;
				CLANG_WARN_OBJC_IMPLICIT_RETAIN_SELF = YES;
				CLANG_WARN_OBJC_LITERAL_CONVERSION = YES;
				CLANG_WARN_OBJC_ROOT_CLASS = YES_ERROR;
				CLANG_WARN_RANGE_LOOP_ANALYSIS = YES;
				CLANG_WARN_STRICT_PROTOTYPES = YES;
				CLANG_WARN_SUSPICIOUS_MOVE = YES;
				CLANG_WARN_UNGUARDED_AVAILABILITY = YES_AGGRESSIVE;
				CLANG_WARN_UNREACHABLE_CODE = YES;
				CLANG_WARN__DUPLICATE_METHOD_MATCH = YES;
				COPY_PHASE_STRIP = NO;
				DEBUG_INFORMATION_FORMAT = "dwarf-with-dsym";
				ENABLE_NS_ASSERTIONS = NO;
				ENABLE_STRICT_OBJC_MSGSEND = YES;
				GCC_C_LANGUAGE_STANDARD = gnu11;
				GCC_NO_COMMON_BLOCKS = YES;
				GCC_WARN_64_TO_32_BIT_CONVERSION = YES;
				GCC_WARN_ABOUT_RETURN_TYPE = YES_ERROR;
				GCC_WARN_UNDECLARED_SELECTOR = YES;
				GCC_WARN_UNINITIALIZED_AUTOS = YES_AGGRESSIVE;
				GCC_WARN_UNUSED_FUNCTION = YES;
				GCC_WARN_UNUSED_VARIABLE = YES;
				IPHONEOS_DEPLOYMENT_TARGET = 13.2;
				MTL_ENABLE_DEBUG_INFO = NO;
				MTL_FAST_MATH = YES;
				SDKROOT = iphoneos;
				SWIFT_COMPILATION_MODE = wholemodule;
				SWIFT_OPTIMIZATION_LEVEL = "-O";
				VALIDATE_PRODUCT = YES;
			};
			name = Release;
		};
		C829187C243E0CFB00EA8292 /* Debug */ = {
			isa = XCBuildConfiguration;
			buildSettings = {
				ASSETCATALOG_COMPILER_APPICON_NAME = AppIcon;
				CODE_SIGN_STYLE = Automatic;
				INFOPLIST_FILE = "Movie Core Data MVP/Info.plist";
				LD_RUNPATH_SEARCH_PATHS = (
					"$(inherited)",
					"@executable_path/Frameworks",
				);
				PRODUCT_BUNDLE_IDENTIFIER = "com.example.Movie-Core-Data-MVP";
				PRODUCT_NAME = "$(TARGET_NAME)";
				SWIFT_VERSION = 5.0;
				TARGETED_DEVICE_FAMILY = "1,2";
			};
			name = Debug;
		};
		C829187D243E0CFB00EA8292 /* Release */ = {
			isa = XCBuildConfiguration;
			buildSettings = {
				ASSETCATALOG_COMPILER_APPICON_NAME = AppIcon;
				CODE_SIGN_STYLE = Automatic;
				INFOPLIST_FILE = "Movie Core Data MVP/Info.plist";
				LD_RUNPATH_SEARCH_PATHS = (
					"$(inherited)",
					"@executable_path/Frameworks",
				);
				PRODUCT_BUNDLE_IDENTIFIER = "com.example.Movie-Core-Data-MVP";
				PRODUCT_NAME = "$(TARGET_NAME)";
				SWIFT_VERSION = 5.0;
				TARGETED_DEVICE_FAMILY = "1,2";
			};
			name = Release;
		};
/* End XCBuildConfiguration section */

/* Begin XCConfigurationList section */
		C8291862243E0CF900EA8292 /* Build configuration list for PBXProject "Movie Core Data MVP" */ = {
			isa = XCConfigurationList;
			buildConfigurations = (
				C8291879243E0CFB00EA8292 /* Debug */,
				C829187A243E0CFB00EA8292 /* Release */,
			);
			defaultConfigurationIsVisible = 0;
			defaultConfigurationName = Release;
		};
		C829187B243E0CFB00EA8292 /* Build configuration list for PBXNativeTarget "Movie Core Data MVP" */ = {
			isa = XCConfigurationList;
			buildConfigurations = (
				C829187C243E0CFB00EA8292 /* Debug */,
				C829187D243E0CFB00EA8292 /* Release */,
			);
			defaultConfigurationIsVisible = 0;
			defaultConfigurationName = Release;
		};
/* End XCConfigurationList section */
	};
	rootObject = C829185F243E0CF900EA8292 /* Project object */;
}
